// !$*UTF8*$!
{
	archiveVersion = 1;
	classes = {
	};
	objectVersion = 51;
	objects = {

/* Begin PBXBuildFile section */
		183F808124A48658000E26BE /* CategoryViewController.swift in Sources */ = {isa = PBXBuildFile; fileRef = 183F807E24A48658000E26BE /* CategoryViewController.swift */; };
		183F808224A48658000E26BE /* IndividualViewController.swift in Sources */ = {isa = PBXBuildFile; fileRef = 183F807F24A48658000E26BE /* IndividualViewController.swift */; };
		183F808724A494BE000E26BE /* ModulesDisplayTableViewController.swift in Sources */ = {isa = PBXBuildFile; fileRef = 183F808624A494BE000E26BE /* ModulesDisplayTableViewController.swift */; };
		183F808B24A5C966000E26BE /* SearchModuleViewController.swift in Sources */ = {isa = PBXBuildFile; fileRef = 183F808A24A5C966000E26BE /* SearchModuleViewController.swift */; };
		183F808D24A5CA49000E26BE /* TableCell.swift in Sources */ = {isa = PBXBuildFile; fileRef = 183F808C24A5CA49000E26BE /* TableCell.swift */; };
		18412FF7247E2FBE00F76668 /* GoogleService-Info.plist in Resources */ = {isa = PBXBuildFile; fileRef = 18412FF6247E2FBE00F76668 /* GoogleService-Info.plist */; };
		1846BFBC24B5CBB700DA47C6 /* ProjectTableCell.swift in Sources */ = {isa = PBXBuildFile; fileRef = 1846BFBB24B5CBB700DA47C6 /* ProjectTableCell.swift */; };
		1846BFBF24B5D8DE00DA47C6 /* SearchCompetitionViewController.swift in Sources */ = {isa = PBXBuildFile; fileRef = 1846BFBE24B5D8DE00DA47C6 /* SearchCompetitionViewController.swift */; };
		1846BFC124B5D90700DA47C6 /* CompetitionTableCell.swift in Sources */ = {isa = PBXBuildFile; fileRef = 1846BFC024B5D90700DA47C6 /* CompetitionTableCell.swift */; };
		1846BFC324B8A0F000DA47C6 /* HomeViewController.swift in Sources */ = {isa = PBXBuildFile; fileRef = 1846BFC224B8A0F000DA47C6 /* HomeViewController.swift */; };
		1846F024247D078B00A59E33 /* SignUpViewController.swift in Sources */ = {isa = PBXBuildFile; fileRef = 1846F023247D078B00A59E33 /* SignUpViewController.swift */; };
		1846F026247D07A700A59E33 /* LoginViewController.swift in Sources */ = {isa = PBXBuildFile; fileRef = 1846F025247D07A700A59E33 /* LoginViewController.swift */; };
		1846F02B247D17F300A59E33 /* Utilities.swift in Sources */ = {isa = PBXBuildFile; fileRef = 1846F02A247D17F200A59E33 /* Utilities.swift */; };
		18574E2324AB323900831817 /* ProfileViewController.swift in Sources */ = {isa = PBXBuildFile; fileRef = 18574E2224AB323900831817 /* ProfileViewController.swift */; };
		18574E2524AB327A00831817 /* EditProfileViewController.swift in Sources */ = {isa = PBXBuildFile; fileRef = 18574E2424AB327A00831817 /* EditProfileViewController.swift */; };
		18574E2E24B5B79C00831817 /* SearchProjectViewController.swift in Sources */ = {isa = PBXBuildFile; fileRef = 18574E2D24B5B79C00831817 /* SearchProjectViewController.swift */; };
		18E02CC9249F5BC500B03BA8 /* Constants.swift in Sources */ = {isa = PBXBuildFile; fileRef = 18E02CC8249F5BC500B03BA8 /* Constants.swift */; };
		71283C032477CC2300A5AE60 /* AppDelegate.swift in Sources */ = {isa = PBXBuildFile; fileRef = 71283C022477CC2300A5AE60 /* AppDelegate.swift */; };
		71283C052477CC2300A5AE60 /* SceneDelegate.swift in Sources */ = {isa = PBXBuildFile; fileRef = 71283C042477CC2300A5AE60 /* SceneDelegate.swift */; };
		71283C0A2477CC2300A5AE60 /* Main.storyboard in Resources */ = {isa = PBXBuildFile; fileRef = 71283C082477CC2300A5AE60 /* Main.storyboard */; };
		71283C0C2477CC2500A5AE60 /* Assets.xcassets in Resources */ = {isa = PBXBuildFile; fileRef = 71283C0B2477CC2500A5AE60 /* Assets.xcassets */; };
		71283C0F2477CC2500A5AE60 /* LaunchScreen.storyboard in Resources */ = {isa = PBXBuildFile; fileRef = 71283C0D2477CC2500A5AE60 /* LaunchScreen.storyboard */; };
		7129615924A34C99003E801E /* KolodaViewController.swift in Sources */ = {isa = PBXBuildFile; fileRef = 7129615824A34C99003E801E /* KolodaViewController.swift */; };
		7167EC1724B33D140002A3DD /* ConversationsViewController.swift in Sources */ = {isa = PBXBuildFile; fileRef = 7167EC1624B33D140002A3DD /* ConversationsViewController.swift */; };
		7167EC1924B33D330002A3DD /* ChatViewController.swift in Sources */ = {isa = PBXBuildFile; fileRef = 7167EC1824B33D330002A3DD /* ChatViewController.swift */; };
		7167EC1B24B33D500002A3DD /* PhotoViewerViewController.swift in Sources */ = {isa = PBXBuildFile; fileRef = 7167EC1A24B33D500002A3DD /* PhotoViewerViewController.swift */; };
		7167EC1D24B33D690002A3DD /* NewConversationsViewController.swift in Sources */ = {isa = PBXBuildFile; fileRef = 7167EC1C24B33D690002A3DD /* NewConversationsViewController.swift */; };
		7167EC1F24B33D820002A3DD /* VideoPlayerViewController.swift in Sources */ = {isa = PBXBuildFile; fileRef = 7167EC1E24B33D820002A3DD /* VideoPlayerViewController.swift */; };
		7167EC2124B33DCB0002A3DD /* Extensions.swift in Sources */ = {isa = PBXBuildFile; fileRef = 7167EC2024B33DCB0002A3DD /* Extensions.swift */; };
		7167EC2324B33DE80002A3DD /* DatabaseManager.swift in Sources */ = {isa = PBXBuildFile; fileRef = 7167EC2224B33DE80002A3DD /* DatabaseManager.swift */; };
		718D037D24827ACE00BFF0F8 /* ProjectsCreationViewController.swift in Sources */ = {isa = PBXBuildFile; fileRef = 718D037C24827ACE00BFF0F8 /* ProjectsCreationViewController.swift */; };
		718D037F24827EB100BFF0F8 /* ProjectsTableViewController.swift in Sources */ = {isa = PBXBuildFile; fileRef = 718D037E24827EB100BFF0F8 /* ProjectsTableViewController.swift */; };
		718D038124829FC100BFF0F8 /* File.swift in Sources */ = {isa = PBXBuildFile; fileRef = 718D038024829FC100BFF0F8 /* File.swift */; };
		71AEEEA524A1E50F005CC75F /* ParticipantTableViewController.swift in Sources */ = {isa = PBXBuildFile; fileRef = 71AEEEA424A1E50F005CC75F /* ParticipantTableViewController.swift */; };
		71AEEEA724A1E67B005CC75F /* SelectTableViewController.swift in Sources */ = {isa = PBXBuildFile; fileRef = 71AEEEA624A1E67B005CC75F /* SelectTableViewController.swift */; };
		899E989FCE96E3B7192B6AEC /* Pods_TeamUp_.framework in Frameworks */ = {isa = PBXBuildFile; fileRef = 51D265D9CAF8E0E458D1D240 /* Pods_TeamUp_.framework */; };
/* End PBXBuildFile section */

/* Begin PBXFileReference section */
		183F807E24A48658000E26BE /* CategoryViewController.swift */ = {isa = PBXFileReference; fileEncoding = 4; lastKnownFileType = sourcecode.swift; path = CategoryViewController.swift; sourceTree = "<group>"; };
		183F807F24A48658000E26BE /* IndividualViewController.swift */ = {isa = PBXFileReference; fileEncoding = 4; lastKnownFileType = sourcecode.swift; path = IndividualViewController.swift; sourceTree = "<group>"; };
		183F808624A494BE000E26BE /* ModulesDisplayTableViewController.swift */ = {isa = PBXFileReference; fileEncoding = 4; lastKnownFileType = sourcecode.swift; path = ModulesDisplayTableViewController.swift; sourceTree = "<group>"; };
		183F808A24A5C966000E26BE /* SearchModuleViewController.swift */ = {isa = PBXFileReference; lastKnownFileType = sourcecode.swift; path = SearchModuleViewController.swift; sourceTree = "<group>"; };
		183F808C24A5CA49000E26BE /* TableCell.swift */ = {isa = PBXFileReference; lastKnownFileType = sourcecode.swift; path = TableCell.swift; sourceTree = "<group>"; };
		18412FF6247E2FBE00F76668 /* GoogleService-Info.plist */ = {isa = PBXFileReference; fileEncoding = 4; lastKnownFileType = text.plist.xml; path = "GoogleService-Info.plist"; sourceTree = "<group>"; };
		1846BFBB24B5CBB700DA47C6 /* ProjectTableCell.swift */ = {isa = PBXFileReference; lastKnownFileType = sourcecode.swift; path = ProjectTableCell.swift; sourceTree = "<group>"; };
		1846BFBE24B5D8DE00DA47C6 /* SearchCompetitionViewController.swift */ = {isa = PBXFileReference; lastKnownFileType = sourcecode.swift; path = SearchCompetitionViewController.swift; sourceTree = "<group>"; };
		1846BFC024B5D90700DA47C6 /* CompetitionTableCell.swift */ = {isa = PBXFileReference; lastKnownFileType = sourcecode.swift; path = CompetitionTableCell.swift; sourceTree = "<group>"; };
		1846BFC224B8A0F000DA47C6 /* HomeViewController.swift */ = {isa = PBXFileReference; lastKnownFileType = sourcecode.swift; path = HomeViewController.swift; sourceTree = "<group>"; };
		1846F023247D078B00A59E33 /* SignUpViewController.swift */ = {isa = PBXFileReference; lastKnownFileType = sourcecode.swift; path = SignUpViewController.swift; sourceTree = "<group>"; };
		1846F025247D07A700A59E33 /* LoginViewController.swift */ = {isa = PBXFileReference; lastKnownFileType = sourcecode.swift; path = LoginViewController.swift; sourceTree = "<group>"; };
		1846F02A247D17F200A59E33 /* Utilities.swift */ = {isa = PBXFileReference; fileEncoding = 4; lastKnownFileType = sourcecode.swift; path = Utilities.swift; sourceTree = "<group>"; };
		18574E2224AB323900831817 /* ProfileViewController.swift */ = {isa = PBXFileReference; lastKnownFileType = sourcecode.swift; path = ProfileViewController.swift; sourceTree = "<group>"; };
		18574E2424AB327A00831817 /* EditProfileViewController.swift */ = {isa = PBXFileReference; lastKnownFileType = sourcecode.swift; path = EditProfileViewController.swift; sourceTree = "<group>"; };
		18574E2D24B5B79C00831817 /* SearchProjectViewController.swift */ = {isa = PBXFileReference; lastKnownFileType = sourcecode.swift; path = SearchProjectViewController.swift; sourceTree = "<group>"; };
		18E02CC8249F5BC500B03BA8 /* Constants.swift */ = {isa = PBXFileReference; lastKnownFileType = sourcecode.swift; path = Constants.swift; sourceTree = "<group>"; };
		4C1195300F1980EF575D135E /* Pods-TeamUp!.debug.xcconfig */ = {isa = PBXFileReference; includeInIndex = 1; lastKnownFileType = text.xcconfig; name = "Pods-TeamUp!.debug.xcconfig"; path = "Target Support Files/Pods-TeamUp!/Pods-TeamUp!.debug.xcconfig"; sourceTree = "<group>"; };
		51D265D9CAF8E0E458D1D240 /* Pods_TeamUp_.framework */ = {isa = PBXFileReference; explicitFileType = wrapper.framework; includeInIndex = 0; path = Pods_TeamUp_.framework; sourceTree = BUILT_PRODUCTS_DIR; };
		71283BFF2477CC2300A5AE60 /* TeamUp!.app */ = {isa = PBXFileReference; explicitFileType = wrapper.application; includeInIndex = 0; path = "TeamUp!.app"; sourceTree = BUILT_PRODUCTS_DIR; };
		71283C022477CC2300A5AE60 /* AppDelegate.swift */ = {isa = PBXFileReference; lastKnownFileType = sourcecode.swift; path = AppDelegate.swift; sourceTree = "<group>"; };
		71283C042477CC2300A5AE60 /* SceneDelegate.swift */ = {isa = PBXFileReference; lastKnownFileType = sourcecode.swift; path = SceneDelegate.swift; sourceTree = "<group>"; };
		71283C092477CC2300A5AE60 /* Base */ = {isa = PBXFileReference; lastKnownFileType = file.storyboard; name = Base; path = Base.lproj/Main.storyboard; sourceTree = "<group>"; };
		71283C0B2477CC2500A5AE60 /* Assets.xcassets */ = {isa = PBXFileReference; lastKnownFileType = folder.assetcatalog; path = Assets.xcassets; sourceTree = "<group>"; };
		71283C0E2477CC2500A5AE60 /* Base */ = {isa = PBXFileReference; lastKnownFileType = file.storyboard; name = Base; path = Base.lproj/LaunchScreen.storyboard; sourceTree = "<group>"; };
		71283C102477CC2500A5AE60 /* Info.plist */ = {isa = PBXFileReference; lastKnownFileType = text.plist.xml; path = Info.plist; sourceTree = "<group>"; };
		7129615824A34C99003E801E /* KolodaViewController.swift */ = {isa = PBXFileReference; lastKnownFileType = sourcecode.swift; path = KolodaViewController.swift; sourceTree = "<group>"; };
		7167EC1624B33D140002A3DD /* ConversationsViewController.swift */ = {isa = PBXFileReference; lastKnownFileType = sourcecode.swift; path = ConversationsViewController.swift; sourceTree = "<group>"; };
		7167EC1824B33D330002A3DD /* ChatViewController.swift */ = {isa = PBXFileReference; lastKnownFileType = sourcecode.swift; path = ChatViewController.swift; sourceTree = "<group>"; };
		7167EC1A24B33D500002A3DD /* PhotoViewerViewController.swift */ = {isa = PBXFileReference; lastKnownFileType = sourcecode.swift; path = PhotoViewerViewController.swift; sourceTree = "<group>"; };
		7167EC1C24B33D690002A3DD /* NewConversationsViewController.swift */ = {isa = PBXFileReference; lastKnownFileType = sourcecode.swift; path = NewConversationsViewController.swift; sourceTree = "<group>"; };
		7167EC1E24B33D820002A3DD /* VideoPlayerViewController.swift */ = {isa = PBXFileReference; lastKnownFileType = sourcecode.swift; path = VideoPlayerViewController.swift; sourceTree = "<group>"; };
		7167EC2024B33DCB0002A3DD /* Extensions.swift */ = {isa = PBXFileReference; lastKnownFileType = sourcecode.swift; path = Extensions.swift; sourceTree = "<group>"; };
		7167EC2224B33DE80002A3DD /* DatabaseManager.swift */ = {isa = PBXFileReference; lastKnownFileType = sourcecode.swift; path = DatabaseManager.swift; sourceTree = "<group>"; };
		718D037C24827ACE00BFF0F8 /* ProjectsCreationViewController.swift */ = {isa = PBXFileReference; lastKnownFileType = sourcecode.swift; path = ProjectsCreationViewController.swift; sourceTree = "<group>"; };
		718D037E24827EB100BFF0F8 /* ProjectsTableViewController.swift */ = {isa = PBXFileReference; lastKnownFileType = sourcecode.swift; path = ProjectsTableViewController.swift; sourceTree = "<group>"; };
		718D038024829FC100BFF0F8 /* File.swift */ = {isa = PBXFileReference; lastKnownFileType = sourcecode.swift; path = File.swift; sourceTree = "<group>"; };
		71AEEEA424A1E50F005CC75F /* ParticipantTableViewController.swift */ = {isa = PBXFileReference; lastKnownFileType = sourcecode.swift; path = ParticipantTableViewController.swift; sourceTree = "<group>"; };
		71AEEEA624A1E67B005CC75F /* SelectTableViewController.swift */ = {isa = PBXFileReference; lastKnownFileType = sourcecode.swift; path = SelectTableViewController.swift; sourceTree = "<group>"; };
		BAF7213EC7D0253145F37C78 /* Pods-TeamUp!.release.xcconfig */ = {isa = PBXFileReference; includeInIndex = 1; lastKnownFileType = text.xcconfig; name = "Pods-TeamUp!.release.xcconfig"; path = "Target Support Files/Pods-TeamUp!/Pods-TeamUp!.release.xcconfig"; sourceTree = "<group>"; };
/* End PBXFileReference section */

/* Begin PBXFrameworksBuildPhase section */
		71283BFC2477CC2300A5AE60 /* Frameworks */ = {
			isa = PBXFrameworksBuildPhase;
			buildActionMask = 2147483647;
			files = (
				899E989FCE96E3B7192B6AEC /* Pods_TeamUp_.framework in Frameworks */,
			);
			runOnlyForDeploymentPostprocessing = 0;
		};
/* End PBXFrameworksBuildPhase section */

/* Begin PBXGroup section */
		1846BFBD24B5D8B800DA47C6 /* search */ = {
			isa = PBXGroup;
			children = (
				1846BFBE24B5D8DE00DA47C6 /* SearchCompetitionViewController.swift */,
				1846BFC024B5D90700DA47C6 /* CompetitionTableCell.swift */,
			);
			path = search;
			sourceTree = "<group>";
		};
		1846F029247D07D000A59E33 /* View Controllers */ = {
			isa = PBXGroup;
			children = (
				183F807F24A48658000E26BE /* IndividualViewController.swift */,
				18574E3424B5BAB300831817 /* matching system */,
				18574E3324B5BA1100831817 /* profile page */,
				18574E3224B5B9BF00831817 /* log in and sign up */,
				18574E3124B5B98E00831817 /* competition page */,
				18574E3024B5B96600831817 /* modules page */,
				18574E2F24B5B7DC00831817 /* projec page */,
				18574E3524B5BAED00831817 /* chat */,
			);
			path = "View Controllers";
			sourceTree = "<group>";
		};
		1846F02C247D180100A59E33 /* Helpers */ = {
			isa = PBXGroup;
			children = (
				1846F02A247D17F200A59E33 /* Utilities.swift */,
				18E02CC8249F5BC500B03BA8 /* Constants.swift */,
			);
			path = Helpers;
			sourceTree = "<group>";
		};
		18574E2F24B5B7DC00831817 /* projec page */ = {
			isa = PBXGroup;
			children = (
				18574E3724B5BB4700831817 /* search */,
				18574E3624B5BB2B00831817 /* project display */,
			);
			path = "projec page";
			sourceTree = "<group>";
		};
		18574E3024B5B96600831817 /* modules page */ = {
			isa = PBXGroup;
			children = (
				18574E3824B5BB5E00831817 /* search */,
				18574E3924B5BB6B00831817 /* display */,
			);
			path = "modules page";
			sourceTree = "<group>";
		};
		18574E3124B5B98E00831817 /* competition page */ = {
			isa = PBXGroup;
			children = (
				1846BFBD24B5D8B800DA47C6 /* search */,
			);
			path = "competition page";
			sourceTree = "<group>";
		};
		18574E3224B5B9BF00831817 /* log in and sign up */ = {
			isa = PBXGroup;
			children = (
				1846F023247D078B00A59E33 /* SignUpViewController.swift */,
				1846F025247D07A700A59E33 /* LoginViewController.swift */,
				183F807E24A48658000E26BE /* CategoryViewController.swift */,
				1846BFC224B8A0F000DA47C6 /* HomeViewController.swift */,
			);
			path = "log in and sign up";
			sourceTree = "<group>";
		};
		18574E3324B5BA1100831817 /* profile page */ = {
			isa = PBXGroup;
			children = (
				18574E2224AB323900831817 /* ProfileViewController.swift */,
				18574E2424AB327A00831817 /* EditProfileViewController.swift */,
			);
			path = "profile page";
			sourceTree = "<group>";
		};
		18574E3424B5BAB300831817 /* matching system */ = {
			isa = PBXGroup;
			children = (
				7129615824A34C99003E801E /* KolodaViewController.swift */,
			);
			path = "matching system";
			sourceTree = "<group>";
		};
		18574E3524B5BAED00831817 /* chat */ = {
			isa = PBXGroup;
			children = (
				7167EC1624B33D140002A3DD /* ConversationsViewController.swift */,
				7167EC1824B33D330002A3DD /* ChatViewController.swift */,
				7167EC1A24B33D500002A3DD /* PhotoViewerViewController.swift */,
				7167EC1C24B33D690002A3DD /* NewConversationsViewController.swift */,
				7167EC1E24B33D820002A3DD /* VideoPlayerViewController.swift */,
			);
			path = chat;
			sourceTree = "<group>";
		};
		18574E3624B5BB2B00831817 /* project display */ = {
			isa = PBXGroup;
			children = (
				718D037C24827ACE00BFF0F8 /* ProjectsCreationViewController.swift */,
				718D037E24827EB100BFF0F8 /* ProjectsTableViewController.swift */,
				71AEEEA424A1E50F005CC75F /* ParticipantTableViewController.swift */,
				71AEEEA624A1E67B005CC75F /* SelectTableViewController.swift */,
			);
			path = "project display";
			sourceTree = "<group>";
		};
		18574E3724B5BB4700831817 /* search */ = {
			isa = PBXGroup;
			children = (
				18574E2D24B5B79C00831817 /* SearchProjectViewController.swift */,
				1846BFBB24B5CBB700DA47C6 /* ProjectTableCell.swift */,
			);
			path = search;
			sourceTree = "<group>";
		};
		18574E3824B5BB5E00831817 /* search */ = {
			isa = PBXGroup;
			children = (
				183F808A24A5C966000E26BE /* SearchModuleViewController.swift */,
				183F808C24A5CA49000E26BE /* TableCell.swift */,
			);
			path = search;
			sourceTree = "<group>";
		};
		18574E3924B5BB6B00831817 /* display */ = {
			isa = PBXGroup;
			children = (
				183F808624A494BE000E26BE /* ModulesDisplayTableViewController.swift */,
			);
			path = display;
			sourceTree = "<group>";
		};
		18E02CC5247E9F2700B03BA8 /* class */ = {
			isa = PBXGroup;
			children = (
				718D038024829FC100BFF0F8 /* File.swift */,
				7167EC2024B33DCB0002A3DD /* Extensions.swift */,
				7167EC2224B33DE80002A3DD /* DatabaseManager.swift */,
			);
			path = class;
			sourceTree = "<group>";
		};
		71283BF62477CC2300A5AE60 = {
			isa = PBXGroup;
			children = (
				71283C012477CC2300A5AE60 /* TeamUp! */,
				71283C002477CC2300A5AE60 /* Products */,
				7C069D3F955081AC63F26A69 /* Pods */,
				DBF0FD09E90F47F31A1A8A1C /* Frameworks */,
			);
			sourceTree = "<group>";
		};
		71283C002477CC2300A5AE60 /* Products */ = {
			isa = PBXGroup;
			children = (
				71283BFF2477CC2300A5AE60 /* TeamUp!.app */,
			);
			name = Products;
			sourceTree = "<group>";
		};
		71283C012477CC2300A5AE60 /* TeamUp! */ = {
			isa = PBXGroup;
			children = (
				71283C022477CC2300A5AE60 /* AppDelegate.swift */,
				71283C042477CC2300A5AE60 /* SceneDelegate.swift */,
				18E02CC5247E9F2700B03BA8 /* class */,
				1846F02C247D180100A59E33 /* Helpers */,
				1846F029247D07D000A59E33 /* View Controllers */,
				71283C082477CC2300A5AE60 /* Main.storyboard */,
				71283C0B2477CC2500A5AE60 /* Assets.xcassets */,
				71283C0D2477CC2500A5AE60 /* LaunchScreen.storyboard */,
				71283C102477CC2500A5AE60 /* Info.plist */,
				18412FF6247E2FBE00F76668 /* GoogleService-Info.plist */,
			);
			path = "TeamUp!";
			sourceTree = "<group>";
		};
		7C069D3F955081AC63F26A69 /* Pods */ = {
			isa = PBXGroup;
			children = (
				4C1195300F1980EF575D135E /* Pods-TeamUp!.debug.xcconfig */,
				BAF7213EC7D0253145F37C78 /* Pods-TeamUp!.release.xcconfig */,
			);
			path = Pods;
			sourceTree = "<group>";
		};
		DBF0FD09E90F47F31A1A8A1C /* Frameworks */ = {
			isa = PBXGroup;
			children = (
				51D265D9CAF8E0E458D1D240 /* Pods_TeamUp_.framework */,
			);
			name = Frameworks;
			sourceTree = "<group>";
		};
/* End PBXGroup section */

/* Begin PBXNativeTarget section */
		71283BFE2477CC2300A5AE60 /* TeamUp! */ = {
			isa = PBXNativeTarget;
			buildConfigurationList = 71283C132477CC2500A5AE60 /* Build configuration list for PBXNativeTarget "TeamUp!" */;
			buildPhases = (
				786B08C29D0D1D7AB8DAABB2 /* [CP] Check Pods Manifest.lock */,
				71283BFB2477CC2300A5AE60 /* Sources */,
				71283BFC2477CC2300A5AE60 /* Frameworks */,
				71283BFD2477CC2300A5AE60 /* Resources */,
				8016C3B9C642389965F2660D /* [CP] Embed Pods Frameworks */,
			);
			buildRules = (
			);
			dependencies = (
			);
			name = "TeamUp!";
			productName = "TeamUp!";
			productReference = 71283BFF2477CC2300A5AE60 /* TeamUp!.app */;
			productType = "com.apple.product-type.application";
		};
/* End PBXNativeTarget section */

/* Begin PBXProject section */
		71283BF72477CC2300A5AE60 /* Project object */ = {
			isa = PBXProject;
			attributes = {
				LastSwiftUpdateCheck = 1150;
				LastUpgradeCheck = 1150;
				ORGANIZATIONNAME = "Alicia Ho";
				TargetAttributes = {
					71283BFE2477CC2300A5AE60 = {
						CreatedOnToolsVersion = 11.5;
					};
				};
			};
			buildConfigurationList = 71283BFA2477CC2300A5AE60 /* Build configuration list for PBXProject "TeamUp!" */;
			compatibilityVersion = "Xcode 9.3";
			developmentRegion = en;
			hasScannedForEncodings = 0;
			knownRegions = (
				en,
				Base,
			);
			mainGroup = 71283BF62477CC2300A5AE60;
			productRefGroup = 71283C002477CC2300A5AE60 /* Products */;
			projectDirPath = "";
			projectRoot = "";
			targets = (
				71283BFE2477CC2300A5AE60 /* TeamUp! */,
			);
		};
/* End PBXProject section */

/* Begin PBXResourcesBuildPhase section */
		71283BFD2477CC2300A5AE60 /* Resources */ = {
			isa = PBXResourcesBuildPhase;
			buildActionMask = 2147483647;
			files = (
				71283C0F2477CC2500A5AE60 /* LaunchScreen.storyboard in Resources */,
				18412FF7247E2FBE00F76668 /* GoogleService-Info.plist in Resources */,
				71283C0C2477CC2500A5AE60 /* Assets.xcassets in Resources */,
				71283C0A2477CC2300A5AE60 /* Main.storyboard in Resources */,
			);
			runOnlyForDeploymentPostprocessing = 0;
		};
/* End PBXResourcesBuildPhase section */

/* Begin PBXShellScriptBuildPhase section */
		786B08C29D0D1D7AB8DAABB2 /* [CP] Check Pods Manifest.lock */ = {
			isa = PBXShellScriptBuildPhase;
			buildActionMask = 2147483647;
			files = (
			);
			inputFileListPaths = (
			);
			inputPaths = (
				"${PODS_PODFILE_DIR_PATH}/Podfile.lock",
				"${PODS_ROOT}/Manifest.lock",
			);
			name = "[CP] Check Pods Manifest.lock";
			outputFileListPaths = (
			);
			outputPaths = (
				"$(DERIVED_FILE_DIR)/Pods-TeamUp!-checkManifestLockResult.txt",
			);
			runOnlyForDeploymentPostprocessing = 0;
			shellPath = /bin/sh;
			shellScript = "diff \"${PODS_PODFILE_DIR_PATH}/Podfile.lock\" \"${PODS_ROOT}/Manifest.lock\" > /dev/null\nif [ $? != 0 ] ; then\n    # print error to STDERR\n    echo \"error: The sandbox is not in sync with the Podfile.lock. Run 'pod install' or update your CocoaPods installation.\" >&2\n    exit 1\nfi\n# This output is used by Xcode 'outputs' to avoid re-running this script phase.\necho \"SUCCESS\" > \"${SCRIPT_OUTPUT_FILE_0}\"\n";
			showEnvVarsInLog = 0;
		};
		8016C3B9C642389965F2660D /* [CP] Embed Pods Frameworks */ = {
			isa = PBXShellScriptBuildPhase;
			buildActionMask = 2147483647;
			files = (
			);
			inputFileListPaths = (
				"${PODS_ROOT}/Target Support Files/Pods-TeamUp!/Pods-TeamUp!-frameworks-${CONFIGURATION}-input-files.xcfilelist",
			);
			name = "[CP] Embed Pods Frameworks";
			outputFileListPaths = (
				"${PODS_ROOT}/Target Support Files/Pods-TeamUp!/Pods-TeamUp!-frameworks-${CONFIGURATION}-output-files.xcfilelist",
			);
			runOnlyForDeploymentPostprocessing = 0;
			shellPath = /bin/sh;
			shellScript = "\"${PODS_ROOT}/Target Support Files/Pods-TeamUp!/Pods-TeamUp!-frameworks.sh\"\n";
			showEnvVarsInLog = 0;
		};
/* End PBXShellScriptBuildPhase section */

/* Begin PBXSourcesBuildPhase section */
		71283BFB2477CC2300A5AE60 /* Sources */ = {
			isa = PBXSourcesBuildPhase;
			buildActionMask = 2147483647;
			files = (
				1846BFBC24B5CBB700DA47C6 /* ProjectTableCell.swift in Sources */,
				183F808D24A5CA49000E26BE /* TableCell.swift in Sources */,
				7167EC1F24B33D820002A3DD /* VideoPlayerViewController.swift in Sources */,
				7167EC1924B33D330002A3DD /* ChatViewController.swift in Sources */,
				7167EC1B24B33D500002A3DD /* PhotoViewerViewController.swift in Sources */,
				183F808224A48658000E26BE /* IndividualViewController.swift in Sources */,
				183F808724A494BE000E26BE /* ModulesDisplayTableViewController.swift in Sources */,
				7167EC1D24B33D690002A3DD /* NewConversationsViewController.swift in Sources */,
				71AEEEA524A1E50F005CC75F /* ParticipantTableViewController.swift in Sources */,
				7129615924A34C99003E801E /* KolodaViewController.swift in Sources */,
				18E02CC9249F5BC500B03BA8 /* Constants.swift in Sources */,
				71283C032477CC2300A5AE60 /* AppDelegate.swift in Sources */,
				18574E2524AB327A00831817 /* EditProfileViewController.swift in Sources */,
				1846BFBF24B5D8DE00DA47C6 /* SearchCompetitionViewController.swift in Sources */,
				7167EC1724B33D140002A3DD /* ConversationsViewController.swift in Sources */,
				718D037F24827EB100BFF0F8 /* ProjectsTableViewController.swift in Sources */,
				18574E2324AB323900831817 /* ProfileViewController.swift in Sources */,
				1846F02B247D17F300A59E33 /* Utilities.swift in Sources */,
				1846F024247D078B00A59E33 /* SignUpViewController.swift in Sources */,
				718D038124829FC100BFF0F8 /* File.swift in Sources */,
				71AEEEA724A1E67B005CC75F /* SelectTableViewController.swift in Sources */,
				18574E2E24B5B79C00831817 /* SearchProjectViewController.swift in Sources */,
				183F808B24A5C966000E26BE /* SearchModuleViewController.swift in Sources */,
				7167EC2124B33DCB0002A3DD /* Extensions.swift in Sources */,
				183F808124A48658000E26BE /* CategoryViewController.swift in Sources */,
				1846BFC124B5D90700DA47C6 /* CompetitionTableCell.swift in Sources */,
				1846BFC324B8A0F000DA47C6 /* HomeViewController.swift in Sources */,
				1846F026247D07A700A59E33 /* LoginViewController.swift in Sources */,
				718D037D24827ACE00BFF0F8 /* ProjectsCreationViewController.swift in Sources */,
				71283C052477CC2300A5AE60 /* SceneDelegate.swift in Sources */,
				7167EC2324B33DE80002A3DD /* DatabaseManager.swift in Sources */,
			);
			runOnlyForDeploymentPostprocessing = 0;
		};
/* End PBXSourcesBuildPhase section */

/* Begin PBXVariantGroup section */
		71283C082477CC2300A5AE60 /* Main.storyboard */ = {
			isa = PBXVariantGroup;
			children = (
				71283C092477CC2300A5AE60 /* Base */,
			);
			name = Main.storyboard;
			sourceTree = "<group>";
		};
		71283C0D2477CC2500A5AE60 /* LaunchScreen.storyboard */ = {
			isa = PBXVariantGroup;
			children = (
				71283C0E2477CC2500A5AE60 /* Base */,
			);
			name = LaunchScreen.storyboard;
			sourceTree = "<group>";
		};
/* End PBXVariantGroup section */

/* Begin XCBuildConfiguration section */
		71283C112477CC2500A5AE60 /* Debug */ = {
			isa = XCBuildConfiguration;
			buildSettings = {
				ALWAYS_SEARCH_USER_PATHS = NO;
				CLANG_ANALYZER_NONNULL = YES;
				CLANG_ANALYZER_NUMBER_OBJECT_CONVERSION = YES_AGGRESSIVE;
				CLANG_CXX_LANGUAGE_STANDARD = "gnu++14";
				CLANG_CXX_LIBRARY = "libc++";
				CLANG_ENABLE_MODULES = YES;
				CLANG_ENABLE_OBJC_ARC = YES;
				CLANG_ENABLE_OBJC_WEAK = YES;
				CLANG_WARN_BLOCK_CAPTURE_AUTORELEASING = YES;
				CLANG_WARN_BOOL_CONVERSION = YES;
				CLANG_WARN_COMMA = YES;
				CLANG_WARN_CONSTANT_CONVERSION = YES;
				CLANG_WARN_DEPRECATED_OBJC_IMPLEMENTATIONS = YES;
				CLANG_WARN_DIRECT_OBJC_ISA_USAGE = YES_ERROR;
				CLANG_WARN_DOCUMENTATION_COMMENTS = YES;
				CLANG_WARN_EMPTY_BODY = YES;
				CLANG_WARN_ENUM_CONVERSION = YES;
				CLANG_WARN_INFINITE_RECURSION = YES;
				CLANG_WARN_INT_CONVERSION = YES;
				CLANG_WARN_NON_LITERAL_NULL_CONVERSION = YES;
				CLANG_WARN_OBJC_IMPLICIT_RETAIN_SELF = YES;
				CLANG_WARN_OBJC_LITERAL_CONVERSION = YES;
				CLANG_WARN_OBJC_ROOT_CLASS = YES_ERROR;
				CLANG_WARN_RANGE_LOOP_ANALYSIS = YES;
				CLANG_WARN_STRICT_PROTOTYPES = YES;
				CLANG_WARN_SUSPICIOUS_MOVE = YES;
				CLANG_WARN_UNGUARDED_AVAILABILITY = YES_AGGRESSIVE;
				CLANG_WARN_UNREACHABLE_CODE = YES;
				CLANG_WARN__DUPLICATE_METHOD_MATCH = YES;
				COPY_PHASE_STRIP = NO;
				DEBUG_INFORMATION_FORMAT = dwarf;
				ENABLE_STRICT_OBJC_MSGSEND = YES;
				ENABLE_TESTABILITY = YES;
				GCC_C_LANGUAGE_STANDARD = gnu11;
				GCC_DYNAMIC_NO_PIC = NO;
				GCC_NO_COMMON_BLOCKS = YES;
				GCC_OPTIMIZATION_LEVEL = 0;
				GCC_PREPROCESSOR_DEFINITIONS = (
					"DEBUG=1",
					"$(inherited)",
				);
				GCC_WARN_64_TO_32_BIT_CONVERSION = YES;
				GCC_WARN_ABOUT_RETURN_TYPE = YES_ERROR;
				GCC_WARN_UNDECLARED_SELECTOR = YES;
				GCC_WARN_UNINITIALIZED_AUTOS = YES_AGGRESSIVE;
				GCC_WARN_UNUSED_FUNCTION = YES;
				GCC_WARN_UNUSED_VARIABLE = YES;
				IPHONEOS_DEPLOYMENT_TARGET = 13.5;
				MTL_ENABLE_DEBUG_INFO = INCLUDE_SOURCE;
				MTL_FAST_MATH = YES;
				ONLY_ACTIVE_ARCH = YES;
				SDKROOT = iphoneos;
				SWIFT_ACTIVE_COMPILATION_CONDITIONS = DEBUG;
				SWIFT_OPTIMIZATION_LEVEL = "-Onone";
			};
			name = Debug;
		};
		71283C122477CC2500A5AE60 /* Release */ = {
			isa = XCBuildConfiguration;
			buildSettings = {
				ALWAYS_SEARCH_USER_PATHS = NO;
				CLANG_ANALYZER_NONNULL = YES;
				CLANG_ANALYZER_NUMBER_OBJECT_CONVERSION = YES_AGGRESSIVE;
				CLANG_CXX_LANGUAGE_STANDARD = "gnu++14";
				CLANG_CXX_LIBRARY = "libc++";
				CLANG_ENABLE_MODULES = YES;
				CLANG_ENABLE_OBJC_ARC = YES;
				CLANG_ENABLE_OBJC_WEAK = YES;
				CLANG_WARN_BLOCK_CAPTURE_AUTORELEASING = YES;
				CLANG_WARN_BOOL_CONVERSION = YES;
				CLANG_WARN_COMMA = YES;
				CLANG_WARN_CONSTANT_CONVERSION = YES;
				CLANG_WARN_DEPRECATED_OBJC_IMPLEMENTATIONS = YES;
				CLANG_WARN_DIRECT_OBJC_ISA_USAGE = YES_ERROR;
				CLANG_WARN_DOCUMENTATION_COMMENTS = YES;
				CLANG_WARN_EMPTY_BODY = YES;
				CLANG_WARN_ENUM_CONVERSION = YES;
				CLANG_WARN_INFINITE_RECURSION = YES;
				CLANG_WARN_INT_CONVERSION = YES;
				CLANG_WARN_NON_LITERAL_NULL_CONVERSION = YES;
				CLANG_WARN_OBJC_IMPLICIT_RETAIN_SELF = YES;
				CLANG_WARN_OBJC_LITERAL_CONVERSION = YES;
				CLANG_WARN_OBJC_ROOT_CLASS = YES_ERROR;
				CLANG_WARN_RANGE_LOOP_ANALYSIS = YES;
				CLANG_WARN_STRICT_PROTOTYPES = YES;
				CLANG_WARN_SUSPICIOUS_MOVE = YES;
				CLANG_WARN_UNGUARDED_AVAILABILITY = YES_AGGRESSIVE;
				CLANG_WARN_UNREACHABLE_CODE = YES;
				CLANG_WARN__DUPLICATE_METHOD_MATCH = YES;
				COPY_PHASE_STRIP = NO;
				DEBUG_INFORMATION_FORMAT = "dwarf-with-dsym";
				ENABLE_NS_ASSERTIONS = NO;
				ENABLE_STRICT_OBJC_MSGSEND = YES;
				GCC_C_LANGUAGE_STANDARD = gnu11;
				GCC_NO_COMMON_BLOCKS = YES;
				GCC_WARN_64_TO_32_BIT_CONVERSION = YES;
				GCC_WARN_ABOUT_RETURN_TYPE = YES_ERROR;
				GCC_WARN_UNDECLARED_SELECTOR = YES;
				GCC_WARN_UNINITIALIZED_AUTOS = YES_AGGRESSIVE;
				GCC_WARN_UNUSED_FUNCTION = YES;
				GCC_WARN_UNUSED_VARIABLE = YES;
				IPHONEOS_DEPLOYMENT_TARGET = 13.5;
				MTL_ENABLE_DEBUG_INFO = NO;
				MTL_FAST_MATH = YES;
				SDKROOT = iphoneos;
				SWIFT_COMPILATION_MODE = wholemodule;
				SWIFT_OPTIMIZATION_LEVEL = "-O";
				VALIDATE_PRODUCT = YES;
			};
			name = Release;
		};
		71283C142477CC2500A5AE60 /* Debug */ = {
			isa = XCBuildConfiguration;
			baseConfigurationReference = 4C1195300F1980EF575D135E /* Pods-TeamUp!.debug.xcconfig */;
			buildSettings = {
				ASSETCATALOG_COMPILER_APPICON_NAME = AppIcon;
				CODE_SIGN_STYLE = Automatic;
				DEVELOPMENT_TEAM = RK4M57MHKS;
				INFOPLIST_FILE = "TeamUp!/Info.plist";
				LD_RUNPATH_SEARCH_PATHS = (
					"$(inherited)",
					"@executable_path/Frameworks",
				);
				PRODUCT_BUNDLE_IDENTIFIER = "Task-1.TeamUp-";
				PRODUCT_NAME = "$(TARGET_NAME)";
				SWIFT_VERSION = 5.0;
				TARGETED_DEVICE_FAMILY = "1,2";
			};
			name = Debug;
		};
		71283C152477CC2500A5AE60 /* Release */ = {
			isa = XCBuildConfiguration;
			baseConfigurationReference = BAF7213EC7D0253145F37C78 /* Pods-TeamUp!.release.xcconfig */;
			buildSettings = {
				ASSETCATALOG_COMPILER_APPICON_NAME = AppIcon;
				CODE_SIGN_STYLE = Automatic;
				DEVELOPMENT_TEAM = RK4M57MHKS;
				INFOPLIST_FILE = "TeamUp!/Info.plist";
				LD_RUNPATH_SEARCH_PATHS = (
					"$(inherited)",
					"@executable_path/Frameworks",
				);
				PRODUCT_BUNDLE_IDENTIFIER = "Task-1.TeamUp-";
				PRODUCT_NAME = "$(TARGET_NAME)";
				SWIFT_VERSION = 5.0;
				TARGETED_DEVICE_FAMILY = "1,2";
			};
			name = Release;
		};
/* End XCBuildConfiguration section */

/* Begin XCConfigurationList section */
		71283BFA2477CC2300A5AE60 /* Build configuration list for PBXProject "TeamUp!" */ = {
			isa = XCConfigurationList;
			buildConfigurations = (
				71283C112477CC2500A5AE60 /* Debug */,
				71283C122477CC2500A5AE60 /* Release */,
			);
			defaultConfigurationIsVisible = 0;
			defaultConfigurationName = Release;
		};
		71283C132477CC2500A5AE60 /* Build configuration list for PBXNativeTarget "TeamUp!" */ = {
			isa = XCConfigurationList;
			buildConfigurations = (
				71283C142477CC2500A5AE60 /* Debug */,
				71283C152477CC2500A5AE60 /* Release */,
			);
			defaultConfigurationIsVisible = 0;
			defaultConfigurationName = Release;
		};
/* End XCConfigurationList section */
	};
	rootObject = 71283BF72477CC2300A5AE60 /* Project object */;
}
